
Microsoft Visual Studio Solution File, Format Version 12.00
# Visual Studio Version 17
VisualStudioVersion = 17.10.35027.167
MinimumVisualStudioVersion = 10.0.40219.1
Project("{888888A0-9F3D-457C-B088-3A5042F75D52}") = "Internet Speed Test using Python", "Internet Speed Test using Python.pyproj", "{44D7346B-38B8-4DC1-804D-A4474483FCCA}"
EndProject
Global
	GlobalSection(SolutionConfigurationPlatforms) = preSolution
		Debug|Any CPU = Debug|Any CPU
		Release|Any CPU = Release|Any CPU
	EndGlobalSection
	GlobalSection(ProjectConfigurationPlatforms) = postSolution
		{44D7346B-38B8-4DC1-804D-A4474483FCCA}.Debug|Any CPU.ActiveCfg = Debug|Any CPU
		{44D7346B-38B8-4DC1-804D-A4474483FCCA}.Release|Any CPU.ActiveCfg = Release|Any CPU
	EndGlobalSection
	GlobalSection(SolutionProperties) = preSolution
		HideSolutionNode = FALSE
	EndGlobalSection
	GlobalSection(ExtensibilityGlobals) = postSolution
		SolutionGuid = {E1833056-0D32-4886-A073-66E27CE05592}
	EndGlobalSection
EndGlobal
